
Microsoft Visual Studio Solution File, Format Version 12.00
# Visual Studio 2013
VisualStudioVersion = 12.0.30501.0
MinimumVisualStudioVersion = 10.0.40219.1
Project("{FAE04EC0-301F-11D3-BF4B-00C04F79EFBC}") = "GoToRelatedFiles", "GoToRelatedFiles\GoToRelatedFiles.csproj", "{4EF32081-0FD7-4ECF-966D-5F92918DA588}"
EndProject
Project("{FAE04EC0-301F-11D3-BF4B-00C04F79EFBC}") = "GoToRelatedFiles.UnitTest", "GoToRelatedFiles.UnitTest\GoToRelatedFiles.UnitTest.csproj", "{D32CFA7E-E0F2-482B-90D5-FC33647A3467}"
EndProject
Global
	GlobalSection(SolutionConfigurationPlatforms) = preSolution
		Debug|Any CPU = Debug|Any CPU
		Release|Any CPU = Release|Any CPU
	EndGlobalSection
	GlobalSection(ProjectConfigurationPlatforms) = postSolution
		{4EF32081-0FD7-4ECF-966D-5F92918DA588}.Debug|Any CPU.ActiveCfg = Debug|Any CPU
		{4EF32081-0FD7-4ECF-966D-5F92918DA588}.Debug|Any CPU.Build.0 = Debug|Any CPU
		{4EF32081-0FD7-4ECF-966D-5F92918DA588}.Release|Any CPU.ActiveCfg = Release|Any CPU
		{4EF32081-0FD7-4ECF-966D-5F92918DA588}.Release|Any CPU.Build.0 = Release|Any CPU
		{D32CFA7E-E0F2-482B-90D5-FC33647A3467}.Debug|Any CPU.ActiveCfg = Debug|Any CPU
		{D32CFA7E-E0F2-482B-90D5-FC33647A3467}.Debug|Any CPU.Build.0 = Debug|Any CPU
		{D32CFA7E-E0F2-482B-90D5-FC33647A3467}.Release|Any CPU.ActiveCfg = Release|Any CPU
		{D32CFA7E-E0F2-482B-90D5-FC33647A3467}.Release|Any CPU.Build.0 = Release|Any CPU
	EndGlobalSection
	GlobalSection(SolutionProperties) = preSolution
		HideSolutionNode = FALSE
	EndGlobalSection
EndGlobal
